{
  "name": "clawmax-cognee-bundle",
  "version": "1.0.0",
  "lockfileVersion": 3,
  "requires": true,
  "packages": {
    "": {
      "name": "clawmax-cognee-bundle",
      "version": "1.0.0",
      "dependencies": {
        "@cognee/cognee-openclaw": "2026.9.2"
      }
    },
    "node_modules/@cognee/cognee-openclaw": {
      "version": "2026.9.2",
      "resolved": "https://registry.npmjs.org/@cognee/cognee-openclaw/-/cognee-openclaw-2026.9.2.tgz",
      "integrity": "sha512-ni44VXF3mI4j9nv6cDJardBB1JnFP5AS0Q8RrNc0+CIBdCr2K3Dhy/q6hix/zqurwyiEmPdL4FgjYafMSIhZcg==",
      "peerDependencies": {
        "openclaw": ">=2026.6.5"
      }
    }
  }
}
